
Microsoft Visual Studio Solution File, Format Version 12.00
# Visual Studio Version 17
VisualStudioVersion = 17.5.33516.290
MinimumVisualStudioVersion = 10.0.40219.1
Project("{FAE04EC0-301F-11D3-BF4B-00C04F79EFBC}") = "ShaimurzinSQLApp", "ShaimurzinSQLApp\ShaimurzinSQLApp.csproj", "{3E286B75-0554-4B18-B195-4EBBF63D157B}"
EndProject
Global
	GlobalSection(SolutionConfigurationPlatforms) = preSolution
		Debug|Any CPU = Debug|Any CPU
		Release|Any CPU = Release|Any CPU
	EndGlobalSection
	GlobalSection(ProjectConfigurationPlatforms) = postSolution
		{3E286B75-0554-4B18-B195-4EBBF63D157B}.Debug|Any CPU.ActiveCfg = Debug|Any CPU
		{3E286B75-0554-4B18-B195-4EBBF63D157B}.Debug|Any CPU.Build.0 = Debug|Any CPU
		{3E286B75-0554-4B18-B195-4EBBF63D157B}.Release|Any CPU.ActiveCfg = Release|Any CPU
		{3E286B75-0554-4B18-B195-4EBBF63D157B}.Release|Any CPU.Build.0 = Release|Any CPU
	EndGlobalSection
	GlobalSection(SolutionProperties) = preSolution
		HideSolutionNode = FALSE
	EndGlobalSection
	GlobalSection(ExtensibilityGlobals) = postSolution
		SolutionGuid = {EAE8BB72-FE25-49B9-AE51-99CF37D5F59C}
	EndGlobalSection
EndGlobal
